
Microsoft Visual Studio Solution File, Format Version 12.00
# Visual Studio Version 16
VisualStudioVersion = 16.0.30413.136
MinimumVisualStudioVersion = 10.0.40219.1
Project("{FAE04EC0-301F-11D3-BF4B-00C04F79EFBC}") = "TrainningProject", "TrainningProject.csproj", "{5ACC89A1-5786-4351-8DD9-7BB1D1DAC04D}"
EndProject
Global
	GlobalSection(SolutionConfigurationPlatforms) = preSolution
		Debug|Any CPU = Debug|Any CPU
		Release|Any CPU = Release|Any CPU
	EndGlobalSection
	GlobalSection(ProjectConfigurationPlatforms) = postSolution
		{5ACC89A1-5786-4351-8DD9-7BB1D1DAC04D}.Debug|Any CPU.ActiveCfg = Debug|Any CPU
		{5ACC89A1-5786-4351-8DD9-7BB1D1DAC04D}.Debug|Any CPU.Build.0 = Debug|Any CPU
		{5ACC89A1-5786-4351-8DD9-7BB1D1DAC04D}.Release|Any CPU.ActiveCfg = Release|Any CPU
		{5ACC89A1-5786-4351-8DD9-7BB1D1DAC04D}.Release|Any CPU.Build.0 = Release|Any CPU
	EndGlobalSection
	GlobalSection(SolutionProperties) = preSolution
		HideSolutionNode = FALSE
	EndGlobalSection
	GlobalSection(ExtensibilityGlobals) = postSolution
		SolutionGuid = {39E1AA32-2522-4BB6-B4CF-46E10A6510BC}
	EndGlobalSection
EndGlobal
